// !$*UTF8*$!
{
	archiveVersion = 1;
	classes = {
	};
	objectVersion = 46;
	objects = {

/* Begin PBXBuildFile section */
		6FBAE7BB1A1E46F4002683B0 /* AddTaskTableViewCell.swift in Sources */ = {isa = PBXBuildFile; fileRef = 6FBAE7B91A1E46F4002683B0 /* AddTaskTableViewCell.swift */; };
		6FBAE7BC1A1E46F4002683B0 /* AddTaskTableViewCell.xib in Resources */ = {isa = PBXBuildFile; fileRef = 6FBAE7BA1A1E46F4002683B0 /* AddTaskTableViewCell.xib */; };
		6FBC84941A1CD26E001170DC /* NTTaskItem.swift in Sources */ = {isa = PBXBuildFile; fileRef = 6FBC84931A1CD26E001170DC /* NTTaskItem.swift */; };
		6FBD7A371A1B84D4008EEEC8 /* TodayListController.swift in Sources */ = {isa = PBXBuildFile; fileRef = 6FBD7A361A1B84D4008EEEC8 /* TodayListController.swift */; };
		6FC88B111A1A465F00B7E375 /* AppDelegate.swift in Sources */ = {isa = PBXBuildFile; fileRef = 6FC88B101A1A465F00B7E375 /* AppDelegate.swift */; };
		6FC88B141A1A465F00B7E375 /* NotTomorrow.xcdatamodeld in Sources */ = {isa = PBXBuildFile; fileRef = 6FC88B121A1A465F00B7E375 /* NotTomorrow.xcdatamodeld */; };
		6FC88B191A1A465F00B7E375 /* Main.storyboard in Resources */ = {isa = PBXBuildFile; fileRef = 6FC88B171A1A465F00B7E375 /* Main.storyboard */; };
		6FC88B1B1A1A465F00B7E375 /* Images.xcassets in Resources */ = {isa = PBXBuildFile; fileRef = 6FC88B1A1A1A465F00B7E375 /* Images.xcassets */; };
		6FC88B1E1A1A465F00B7E375 /* LaunchScreen.xib in Resources */ = {isa = PBXBuildFile; fileRef = 6FC88B1C1A1A465F00B7E375 /* LaunchScreen.xib */; };
		6FC88B2A1A1A465F00B7E375 /* NotTomorrowTests.swift in Sources */ = {isa = PBXBuildFile; fileRef = 6FC88B291A1A465F00B7E375 /* NotTomorrowTests.swift */; };
		6FCF501C1A218CAD00909A9B /* TaskDetailViewController.swift in Sources */ = {isa = PBXBuildFile; fileRef = 6FCF501A1A218CAD00909A9B /* TaskDetailViewController.swift */; };
		6FCF501D1A218CAD00909A9B /* TaskDetailViewController.xib in Resources */ = {isa = PBXBuildFile; fileRef = 6FCF501B1A218CAD00909A9B /* TaskDetailViewController.xib */; };
/* End PBXBuildFile section */

/* Begin PBXContainerItemProxy section */
		6FC88B241A1A465F00B7E375 /* PBXContainerItemProxy */ = {
			isa = PBXContainerItemProxy;
			containerPortal = 6FC88B031A1A465F00B7E375 /* Project object */;
			proxyType = 1;
			remoteGlobalIDString = 6FC88B0A1A1A465F00B7E375;
			remoteInfo = NotTomorrow;
		};
/* End PBXContainerItemProxy section */

/* Begin PBXFileReference section */
		6FBAE7B91A1E46F4002683B0 /* AddTaskTableViewCell.swift */ = {isa = PBXFileReference; fileEncoding = 4; lastKnownFileType = sourcecode.swift; path = AddTaskTableViewCell.swift; sourceTree = "<group>"; };
		6FBAE7BA1A1E46F4002683B0 /* AddTaskTableViewCell.xib */ = {isa = PBXFileReference; fileEncoding = 4; lastKnownFileType = file.xib; path = AddTaskTableViewCell.xib; sourceTree = "<group>"; };
		6FBC84931A1CD26E001170DC /* NTTaskItem.swift */ = {isa = PBXFileReference; fileEncoding = 4; lastKnownFileType = sourcecode.swift; path = NTTaskItem.swift; sourceTree = "<group>"; };
		6FBD7A361A1B84D4008EEEC8 /* TodayListController.swift */ = {isa = PBXFileReference; fileEncoding = 4; lastKnownFileType = sourcecode.swift; path = TodayListController.swift; sourceTree = "<group>"; };
		6FC88B0B1A1A465F00B7E375 /* NotTomorrow.app */ = {isa = PBXFileReference; explicitFileType = wrapper.application; includeInIndex = 0; path = NotTomorrow.app; sourceTree = BUILT_PRODUCTS_DIR; };
		6FC88B0F1A1A465F00B7E375 /* Info.plist */ = {isa = PBXFileReference; lastKnownFileType = text.plist.xml; path = Info.plist; sourceTree = "<group>"; };
		6FC88B101A1A465F00B7E375 /* AppDelegate.swift */ = {isa = PBXFileReference; lastKnownFileType = sourcecode.swift; path = AppDelegate.swift; sourceTree = "<group>"; };
		6FC88B131A1A465F00B7E375 /* NotTomorrow.xcdatamodel */ = {isa = PBXFileReference; lastKnownFileType = wrapper.xcdatamodel; path = NotTomorrow.xcdatamodel; sourceTree = "<group>"; };
		6FC88B181A1A465F00B7E375 /* Base */ = {isa = PBXFileReference; lastKnownFileType = file.storyboard; name = Base; path = Base.lproj/Main.storyboard; sourceTree = "<group>"; };
		6FC88B1A1A1A465F00B7E375 /* Images.xcassets */ = {isa = PBXFileReference; lastKnownFileType = folder.assetcatalog; path = Images.xcassets; sourceTree = "<group>"; };
		6FC88B1D1A1A465F00B7E375 /* Base */ = {isa = PBXFileReference; lastKnownFileType = file.xib; name = Base; path = Base.lproj/LaunchScreen.xib; sourceTree = "<group>"; };
		6FC88B231A1A465F00B7E375 /* NotTomorrowTests.xctest */ = {isa = PBXFileReference; explicitFileType = wrapper.cfbundle; includeInIndex = 0; path = NotTomorrowTests.xctest; sourceTree = BUILT_PRODUCTS_DIR; };
		6FC88B281A1A465F00B7E375 /* Info.plist */ = {isa = PBXFileReference; lastKnownFileType = text.plist.xml; path = Info.plist; sourceTree = "<group>"; };
		6FC88B291A1A465F00B7E375 /* NotTomorrowTests.swift */ = {isa = PBXFileReference; lastKnownFileType = sourcecode.swift; path = NotTomorrowTests.swift; sourceTree = "<group>"; };
		6FCF501A1A218CAD00909A9B /* TaskDetailViewController.swift */ = {isa = PBXFileReference; fileEncoding = 4; lastKnownFileType = sourcecode.swift; path = TaskDetailViewController.swift; sourceTree = "<group>"; };
		6FCF501B1A218CAD00909A9B /* TaskDetailViewController.xib */ = {isa = PBXFileReference; fileEncoding = 4; lastKnownFileType = file.xib; path = TaskDetailViewController.xib; sourceTree = "<group>"; };
/* End PBXFileReference section */

/* Begin PBXFrameworksBuildPhase section */
		6FC88B081A1A465F00B7E375 /* Frameworks */ = {
			isa = PBXFrameworksBuildPhase;
			buildActionMask = 2147483647;
			files = (
			);
			runOnlyForDeploymentPostprocessing = 0;
		};
		6FC88B201A1A465F00B7E375 /* Frameworks */ = {
			isa = PBXFrameworksBuildPhase;
			buildActionMask = 2147483647;
			files = (
			);
			runOnlyForDeploymentPostprocessing = 0;
		};
/* End PBXFrameworksBuildPhase section */

/* Begin PBXGroup section */
		6FC88B021A1A465F00B7E375 = {
			isa = PBXGroup;
			children = (
				6FC88B0D1A1A465F00B7E375 /* NotTomorrow */,
				6FC88B261A1A465F00B7E375 /* NotTomorrowTests */,
				6FC88B0C1A1A465F00B7E375 /* Products */,
			);
			sourceTree = "<group>";
		};
		6FC88B0C1A1A465F00B7E375 /* Products */ = {
			isa = PBXGroup;
			children = (
				6FC88B0B1A1A465F00B7E375 /* NotTomorrow.app */,
				6FC88B231A1A465F00B7E375 /* NotTomorrowTests.xctest */,
			);
			name = Products;
			sourceTree = "<group>";
		};
		6FC88B0D1A1A465F00B7E375 /* NotTomorrow */ = {
			isa = PBXGroup;
			children = (
				6FC88B101A1A465F00B7E375 /* AppDelegate.swift */,
				6FC88B171A1A465F00B7E375 /* Main.storyboard */,
				6FC88B1A1A1A465F00B7E375 /* Images.xcassets */,
				6FC88B1C1A1A465F00B7E375 /* LaunchScreen.xib */,
				6FC88B121A1A465F00B7E375 /* NotTomorrow.xcdatamodeld */,
				6FC88B0E1A1A465F00B7E375 /* Supporting Files */,
				6FBD7A361A1B84D4008EEEC8 /* TodayListController.swift */,
				6FCF501A1A218CAD00909A9B /* TaskDetailViewController.swift */,
				6FCF501B1A218CAD00909A9B /* TaskDetailViewController.xib */,
				6FBAE7B91A1E46F4002683B0 /* AddTaskTableViewCell.swift */,
				6FBAE7BA1A1E46F4002683B0 /* AddTaskTableViewCell.xib */,
				6FBC84931A1CD26E001170DC /* NTTaskItem.swift */,
			);
			path = NotTomorrow;
			sourceTree = "<group>";
		};
		6FC88B0E1A1A465F00B7E375 /* Supporting Files */ = {
			isa = PBXGroup;
			children = (
				6FC88B0F1A1A465F00B7E375 /* Info.plist */,
			);
			name = "Supporting Files";
			sourceTree = "<group>";
		};
		6FC88B261A1A465F00B7E375 /* NotTomorrowTests */ = {
			isa = PBXGroup;
			children = (
				6FC88B291A1A465F00B7E375 /* NotTomorrowTests.swift */,
				6FC88B271A1A465F00B7E375 /* Supporting Files */,
			);
			path = NotTomorrowTests;
			sourceTree = "<group>";
		};
		6FC88B271A1A465F00B7E375 /* Supporting Files */ = {
			isa = PBXGroup;
			children = (
				6FC88B281A1A465F00B7E375 /* Info.plist */,
			);
			name = "Supporting Files";
			sourceTree = "<group>";
		};
/* End PBXGroup section */

/* Begin PBXNativeTarget section */
		6FC88B0A1A1A465F00B7E375 /* NotTomorrow */ = {
			isa = PBXNativeTarget;
			buildConfigurationList = 6FC88B2D1A1A465F00B7E375 /* Build configuration list for PBXNativeTarget "NotTomorrow" */;
			buildPhases = (
				6FC88B071A1A465F00B7E375 /* Sources */,
				6FC88B081A1A465F00B7E375 /* Frameworks */,
				6FC88B091A1A465F00B7E375 /* Resources */,
			);
			buildRules = (
			);
			dependencies = (
			);
			name = NotTomorrow;
			productName = NotTomorrow;
			productReference = 6FC88B0B1A1A465F00B7E375 /* NotTomorrow.app */;
			productType = "com.apple.product-type.application";
		};
		6FC88B221A1A465F00B7E375 /* NotTomorrowTests */ = {
			isa = PBXNativeTarget;
			buildConfigurationList = 6FC88B301A1A465F00B7E375 /* Build configuration list for PBXNativeTarget "NotTomorrowTests" */;
			buildPhases = (
				6FC88B1F1A1A465F00B7E375 /* Sources */,
				6FC88B201A1A465F00B7E375 /* Frameworks */,
				6FC88B211A1A465F00B7E375 /* Resources */,
			);
			buildRules = (
			);
			dependencies = (
				6FC88B251A1A465F00B7E375 /* PBXTargetDependency */,
			);
			name = NotTomorrowTests;
			productName = NotTomorrowTests;
			productReference = 6FC88B231A1A465F00B7E375 /* NotTomorrowTests.xctest */;
			productType = "com.apple.product-type.bundle.unit-test";
		};
/* End PBXNativeTarget section */

/* Begin PBXProject section */
		6FC88B031A1A465F00B7E375 /* Project object */ = {
			isa = PBXProject;
			attributes = {
				LastUpgradeCheck = 0610;
				ORGANIZATIONNAME = "Alex Hilton";
				TargetAttributes = {
					6FC88B0A1A1A465F00B7E375 = {
						CreatedOnToolsVersion = 6.1;
					};
					6FC88B221A1A465F00B7E375 = {
						CreatedOnToolsVersion = 6.1;
						TestTargetID = 6FC88B0A1A1A465F00B7E375;
					};
				};
			};
			buildConfigurationList = 6FC88B061A1A465F00B7E375 /* Build configuration list for PBXProject "NotTomorrow" */;
			compatibilityVersion = "Xcode 3.2";
			developmentRegion = English;
			hasScannedForEncodings = 0;
			knownRegions = (
				en,
				Base,
			);
			mainGroup = 6FC88B021A1A465F00B7E375;
			productRefGroup = 6FC88B0C1A1A465F00B7E375 /* Products */;
			projectDirPath = "";
			projectRoot = "";
			targets = (
				6FC88B0A1A1A465F00B7E375 /* NotTomorrow */,
				6FC88B221A1A465F00B7E375 /* NotTomorrowTests */,
			);
		};
/* End PBXProject section */

/* Begin PBXResourcesBuildPhase section */
		6FC88B091A1A465F00B7E375 /* Resources */ = {
			isa = PBXResourcesBuildPhase;
			buildActionMask = 2147483647;
			files = (
				6FCF501D1A218CAD00909A9B /* TaskDetailViewController.xib in Resources */,
				6FBAE7BC1A1E46F4002683B0 /* AddTaskTableViewCell.xib in Resources */,
				6FC88B191A1A465F00B7E375 /* Main.storyboard in Resources */,
				6FC88B1E1A1A465F00B7E375 /* LaunchScreen.xib in Resources */,
				6FC88B1B1A1A465F00B7E375 /* Images.xcassets in Resources */,
			);
			runOnlyForDeploymentPostprocessing = 0;
		};
		6FC88B211A1A465F00B7E375 /* Resources */ = {
			isa = PBXResourcesBuildPhase;
			buildActionMask = 2147483647;
			files = (
			);
			runOnlyForDeploymentPostprocessing = 0;
		};
/* End PBXResourcesBuildPhase section */

/* Begin PBXSourcesBuildPhase section */
		6FC88B071A1A465F00B7E375 /* Sources */ = {
			isa = PBXSourcesBuildPhase;
			buildActionMask = 2147483647;
			files = (
				6FCF501C1A218CAD00909A9B /* TaskDetailViewController.swift in Sources */,
				6FBD7A371A1B84D4008EEEC8 /* TodayListController.swift in Sources */,
				6FC88B141A1A465F00B7E375 /* NotTomorrow.xcdatamodeld in Sources */,
				6FBAE7BB1A1E46F4002683B0 /* AddTaskTableViewCell.swift in Sources */,
				6FC88B111A1A465F00B7E375 /* AppDelegate.swift in Sources */,
				6FBC84941A1CD26E001170DC /* NTTaskItem.swift in Sources */,
			);
			runOnlyForDeploymentPostprocessing = 0;
		};
		6FC88B1F1A1A465F00B7E375 /* Sources */ = {
			isa = PBXSourcesBuildPhase;
			buildActionMask = 2147483647;
			files = (
				6FC88B2A1A1A465F00B7E375 /* NotTomorrowTests.swift in Sources */,
			);
			runOnlyForDeploymentPostprocessing = 0;
		};
/* End PBXSourcesBuildPhase section */

/* Begin PBXTargetDependency section */
		6FC88B251A1A465F00B7E375 /* PBXTargetDependency */ = {
			isa = PBXTargetDependency;
			target = 6FC88B0A1A1A465F00B7E375 /* NotTomorrow */;
			targetProxy = 6FC88B241A1A465F00B7E375 /* PBXContainerItemProxy */;
		};
/* End PBXTargetDependency section */

/* Begin PBXVariantGroup section */
		6FC88B171A1A465F00B7E375 /* Main.storyboard */ = {
			isa = PBXVariantGroup;
			children = (
				6FC88B181A1A465F00B7E375 /* Base */,
			);
			name = Main.storyboard;
			sourceTree = "<group>";
		};
		6FC88B1C1A1A465F00B7E375 /* LaunchScreen.xib */ = {
			isa = PBXVariantGroup;
			children = (
				6FC88B1D1A1A465F00B7E375 /* Base */,
			);
			name = LaunchScreen.xib;
			sourceTree = "<group>";
		};
/* End PBXVariantGroup section */

/* Begin XCBuildConfiguration section */
		6FC88B2B1A1A465F00B7E375 /* Debug */ = {
			isa = XCBuildConfiguration;
			buildSettings = {
				ALWAYS_SEARCH_USER_PATHS = NO;
				CLANG_CXX_LANGUAGE_STANDARD = "gnu++0x";
				CLANG_CXX_LIBRARY = "libc++";
				CLANG_ENABLE_MODULES = YES;
				CLANG_ENABLE_OBJC_ARC = YES;
				CLANG_WARN_BOOL_CONVERSION = YES;
				CLANG_WARN_CONSTANT_CONVERSION = YES;
				CLANG_WARN_DIRECT_OBJC_ISA_USAGE = YES_ERROR;
				CLANG_WARN_EMPTY_BODY = YES;
				CLANG_WARN_ENUM_CONVERSION = YES;
				CLANG_WARN_INT_CONVERSION = YES;
				CLANG_WARN_OBJC_ROOT_CLASS = YES_ERROR;
				CLANG_WARN_UNREACHABLE_CODE = YES;
				CLANG_WARN__DUPLICATE_METHOD_MATCH = YES;
				"CODE_SIGN_IDENTITY[sdk=iphoneos*]" = "iPhone Developer";
				COPY_PHASE_STRIP = NO;
				ENABLE_STRICT_OBJC_MSGSEND = YES;
				GCC_C_LANGUAGE_STANDARD = gnu99;
				GCC_DYNAMIC_NO_PIC = NO;
				GCC_OPTIMIZATION_LEVEL = 0;
				GCC_PREPROCESSOR_DEFINITIONS = (
					"DEBUG=1",
					"$(inherited)",
				);
				GCC_SYMBOLS_PRIVATE_EXTERN = NO;
				GCC_WARN_64_TO_32_BIT_CONVERSION = YES;
				GCC_WARN_ABOUT_RETURN_TYPE = YES_ERROR;
				GCC_WARN_UNDECLARED_SELECTOR = YES;
				GCC_WARN_UNINITIALIZED_AUTOS = YES_AGGRESSIVE;
				GCC_WARN_UNUSED_FUNCTION = YES;
				GCC_WARN_UNUSED_VARIABLE = YES;
				IPHONEOS_DEPLOYMENT_TARGET = 8.1;
				MTL_ENABLE_DEBUG_INFO = YES;
				ONLY_ACTIVE_ARCH = YES;
				SDKROOT = iphoneos;
				SWIFT_OPTIMIZATION_LEVEL = "-Onone";
				TARGETED_DEVICE_FAMILY = "1,2";
			};
			name = Debug;
		};
		6FC88B2C1A1A465F00B7E375 /* Release */ = {
			isa = XCBuildConfiguration;
			buildSettings = {
				ALWAYS_SEARCH_USER_PATHS = NO;
				CLANG_CXX_LANGUAGE_STANDARD = "gnu++0x";
				CLANG_CXX_LIBRARY = "libc++";
				CLANG_ENABLE_MODULES = YES;
				CLANG_ENABLE_OBJC_ARC = YES;
				CLANG_WARN_BOOL_CONVERSION = YES;
				CLANG_WARN_CONSTANT_CONVERSION = YES;
				CLANG_WARN_DIRECT_OBJC_ISA_USAGE = YES_ERROR;
				CLANG_WARN_EMPTY_BODY = YES;
				CLANG_WARN_ENUM_CONVERSION = YES;
				CLANG_WARN_INT_CONVERSION = YES;
				CLANG_WARN_OBJC_ROOT_CLASS = YES_ERROR;
				CLANG_WARN_UNREACHABLE_CODE = YES;
				CLANG_WARN__DUPLICATE_METHOD_MATCH = YES;
				"CODE_SIGN_IDENTITY[sdk=iphoneos*]" = "iPhone Developer";
				COPY_PHASE_STRIP = YES;
				ENABLE_NS_ASSERTIONS = NO;
				ENABLE_STRICT_OBJC_MSGSEND = YES;
				GCC_C_LANGUAGE_STANDARD = gnu99;
				GCC_WARN_64_TO_32_BIT_CONVERSION = YES;
				GCC_WARN_ABOUT_RETURN_TYPE = YES_ERROR;
				GCC_WARN_UNDECLARED_SELECTOR = YES;
				GCC_WARN_UNINITIALIZED_AUTOS = YES_AGGRESSIVE;
				GCC_WARN_UNUSED_FUNCTION = YES;
				GCC_WARN_UNUSED_VARIABLE = YES;
				IPHONEOS_DEPLOYMENT_TARGET = 8.1;
				MTL_ENABLE_DEBUG_INFO = NO;
				SDKROOT = iphoneos;
				TARGETED_DEVICE_FAMILY = "1,2";
				VALIDATE_PRODUCT = YES;
			};
			name = Release;
		};
		6FC88B2E1A1A465F00B7E375 /* Debug */ = {
			isa = XCBuildConfiguration;
			buildSettings = {
				ASSETCATALOG_COMPILER_APPICON_NAME = AppIcon;
				INFOPLIST_FILE = NotTomorrow/Info.plist;
				LD_RUNPATH_SEARCH_PATHS = "$(inherited) @executable_path/Frameworks";
				PRODUCT_NAME = "$(TARGET_NAME)";
			};
			name = Debug;
		};
		6FC88B2F1A1A465F00B7E375 /* Release */ = {
			isa = XCBuildConfiguration;
			buildSettings = {
				ASSETCATALOG_COMPILER_APPICON_NAME = AppIcon;
				INFOPLIST_FILE = NotTomorrow/Info.plist;
				LD_RUNPATH_SEARCH_PATHS = "$(inherited) @executable_path/Frameworks";
				PRODUCT_NAME = "$(TARGET_NAME)";
			};
			name = Release;
		};
		6FC88B311A1A465F00B7E375 /* Debug */ = {
			isa = XCBuildConfiguration;
			buildSettings = {
				BUNDLE_LOADER = "$(TEST_HOST)";
				FRAMEWORK_SEARCH_PATHS = (
					"$(SDKROOT)/Developer/Library/Frameworks",
					"$(inherited)",
				);
				GCC_PREPROCESSOR_DEFINITIONS = (
					"DEBUG=1",
					"$(inherited)",
				);
				INFOPLIST_FILE = NotTomorrowTests/Info.plist;
				LD_RUNPATH_SEARCH_PATHS = "$(inherited) @executable_path/Frameworks @loader_path/Frameworks";
				PRODUCT_NAME = "$(TARGET_NAME)";
				TEST_HOST = "$(BUILT_PRODUCTS_DIR)/NotTomorrow.app/NotTomorrow";
			};
			name = Debug;
		};
		6FC88B321A1A465F00B7E375 /* Release */ = {
			isa = XCBuildConfiguration;
			buildSettings = {
				BUNDLE_LOADER = "$(TEST_HOST)";
				FRAMEWORK_SEARCH_PATHS = (
					"$(SDKROOT)/Developer/Library/Frameworks",
					"$(inherited)",
				);
				INFOPLIST_FILE = NotTomorrowTests/Info.plist;
				LD_RUNPATH_SEARCH_PATHS = "$(inherited) @executable_path/Frameworks @loader_path/Frameworks";
				PRODUCT_NAME = "$(TARGET_NAME)";
				TEST_HOST = "$(BUILT_PRODUCTS_DIR)/NotTomorrow.app/NotTomorrow";
			};
			name = Release;
		};
/* End XCBuildConfiguration section */

/* Begin XCConfigurationList section */
		6FC88B061A1A465F00B7E375 /* Build configuration list for PBXProject "NotTomorrow" */ = {
			isa = XCConfigurationList;
			buildConfigurations = (
				6FC88B2B1A1A465F00B7E375 /* Debug */,
				6FC88B2C1A1A465F00B7E375 /* Release */,
			);
			defaultConfigurationIsVisible = 0;
			defaultConfigurationName = Release;
		};
		6FC88B2D1A1A465F00B7E375 /* Build configuration list for PBXNativeTarget "NotTomorrow" */ = {
			isa = XCConfigurationList;
			buildConfigurations = (
				6FC88B2E1A1A465F00B7E375 /* Debug */,
				6FC88B2F1A1A465F00B7E375 /* Release */,
			);
			defaultConfigurationIsVisible = 0;
			defaultConfigurationName = Release;
		};
		6FC88B301A1A465F00B7E375 /* Build configuration list for PBXNativeTarget "NotTomorrowTests" */ = {
			isa = XCConfigurationList;
			buildConfigurations = (
				6FC88B311A1A465F00B7E375 /* Debug */,
				6FC88B321A1A465F00B7E375 /* Release */,
			);
			defaultConfigurationIsVisible = 0;
			defaultConfigurationName = Release;
		};
/* End XCConfigurationList section */

/* Begin XCVersionGroup section */
		6FC88B121A1A465F00B7E375 /* NotTomorrow.xcdatamodeld */ = {
			isa = XCVersionGroup;
			children = (
				6FC88B131A1A465F00B7E375 /* NotTomorrow.xcdatamodel */,
			);
			currentVersion = 6FC88B131A1A465F00B7E375 /* NotTomorrow.xcdatamodel */;
			path = NotTomorrow.xcdatamodeld;
			sourceTree = "<group>";
			versionGroupType = wrapper.xcdatamodel;
		};
/* End XCVersionGroup section */
	};
	rootObject = 6FC88B031A1A465F00B7E375 /* Project object */;
}
